<?xml version="1.0" encoding="utf-8"?>
<Project ToolsVersion="4.0" xmlns="http://schemas.microsoft.com/developer/msbuild/2003">
  <ItemGroup>
    <Filter Include="소스 파일">
      <UniqueIdentifier>{4FC737F1-C7A5-4376-A066-2A32D752A2FF}</UniqueIdentifier>
      <Extensions>cpp;c;cc;cxx;c++;cppm;ixx;def;odl;idl;hpj;bat;asm;asmx</Extensions>
    </Filter>
    <Filter Include="헤더 파일">
      <UniqueIdentifier>{93995380-89BD-4b04-88EB-625FBE52EBFB}</UniqueIdentifier>
      <Extensions>h;hh;hpp;hxx;h++;hm;inl;inc;ipp;xsd</Extensions>
    </Filter>
    <Filter Include="리소스 파일">
      <UniqueIdentifier>{67DA6AB6-F800-4c08-8B7A-83BB121AAD01}</UniqueIdentifier>
      <Extensions>rc;ico;cur;bmp;dlg;rc2;rct;bin;rgs;gif;jpg;jpeg;jpe;resx;tiff;tif;png;wav;mfcribbon-ms</Extensions>
    </Filter>
    <Filter Include="소스 파일\C">
      <UniqueIdentifier>{b8bf8afa-b77a-43dd-a047-3d413c3356ef}</UniqueIdentifier>
    </Filter>
    <Filter Include="소스 파일\CPP">
      <UniqueIdentifier>{18e7acb8-1fe2-4bf9-821e-1860058c55d2}</UniqueIdentifier>
    </Filter>
    <Filter Include="소스 파일\CPP\Linked_List">
      <UniqueIdentifier>{bfc97752-f142-4308-bfc6-fed6a2e21d96}</UniqueIdentifier>
    </Filter>
    <Filter Include="소스 파일\C\Linked_List">
      <UniqueIdentifier>{b31ec21b-0ed2-4f7b-ad0c-739cd1194e41}</UniqueIdentifier>
    </Filter>
    <Filter Include="소스 파일\CPP\Stack">
      <UniqueIdentifier>{7ed10eb4-6301-4bc1-b6a0-b52cb0257997}</UniqueIdentifier>
    </Filter>
  </ItemGroup>
  <ItemGroup>
    <ClCompile Include="C\Linked_List\LinkedList.c">
      <Filter>소스 파일\C\Linked_List</Filter>
    </ClCompile>
    <ClCompile Include="C\Linked_List\DummyLinkedList.c">
      <Filter>소스 파일\C\Linked_List</Filter>
    </ClCompile>
    <ClCompile Include="CPP\Linked_List\CircularLinkedList.cpp">
      <Filter>소스 파일\CPP\Linked_List</Filter>
    </ClCompile>
    <ClCompile Include="CPP\Linked_List\DummyLinkedList.cpp">
      <Filter>소스 파일\CPP\Linked_List</Filter>
    </ClCompile>
    <ClCompile Include="CPP\Linked_List\LinkedList.cpp">
      <Filter>소스 파일\CPP\Linked_List</Filter>
    </ClCompile>
    <ClCompile Include="Stack.cpp">
      <Filter>소스 파일\CPP\Stack</Filter>
    </ClCompile>
  </ItemGroup>
</Project>